// !$*UTF8*$!
{
	archiveVersion = 1;
	classes = {
	};
	objectVersion = 46;
	objects = {

/* Begin PBXBuildFile section */
		8B4453841C6EAFBC00B8A584 /* AppDelegate.swift in Sources */ = {isa = PBXBuildFile; fileRef = 8B4453831C6EAFBC00B8A584 /* AppDelegate.swift */; };
		8B4453891C6EAFBC00B8A584 /* Main.storyboard in Resources */ = {isa = PBXBuildFile; fileRef = 8B4453871C6EAFBC00B8A584 /* Main.storyboard */; };
		8B44538B1C6EAFBC00B8A584 /* Assets.xcassets in Resources */ = {isa = PBXBuildFile; fileRef = 8B44538A1C6EAFBC00B8A584 /* Assets.xcassets */; };
		8B44538E1C6EAFBC00B8A584 /* LaunchScreen.storyboard in Resources */ = {isa = PBXBuildFile; fileRef = 8B44538C1C6EAFBC00B8A584 /* LaunchScreen.storyboard */; };
		8B7355C31C6ED4AA009CDAF7 /* Contact.swift in Sources */ = {isa = PBXBuildFile; fileRef = 8B7355C21C6ED4AA009CDAF7 /* Contact.swift */; };
		8B7355C51C6ED935009CDAF7 /* HomeTableViewController.swift in Sources */ = {isa = PBXBuildFile; fileRef = 8B7355C41C6ED935009CDAF7 /* HomeTableViewController.swift */; };
		8B7355C81C6EDCDB009CDAF7 /* MainTableViewCell.swift in Sources */ = {isa = PBXBuildFile; fileRef = 8B7355C61C6EDCDB009CDAF7 /* MainTableViewCell.swift */; };
		8B7355C91C6EDCDB009CDAF7 /* MainTableViewCell.xib in Resources */ = {isa = PBXBuildFile; fileRef = 8B7355C71C6EDCDB009CDAF7 /* MainTableViewCell.xib */; };
		8B7355CB1C6F0F5D009CDAF7 /* DetailTableViewController.swift in Sources */ = {isa = PBXBuildFile; fileRef = 8B7355CA1C6F0F5D009CDAF7 /* DetailTableViewController.swift */; };
/* End PBXBuildFile section */

/* Begin PBXFileReference section */
		8B4453801C6EAFBC00B8A584 /* solsticeContacts.app */ = {isa = PBXFileReference; explicitFileType = wrapper.application; includeInIndex = 0; path = solsticeContacts.app; sourceTree = BUILT_PRODUCTS_DIR; };
		8B4453831C6EAFBC00B8A584 /* AppDelegate.swift */ = {isa = PBXFileReference; lastKnownFileType = sourcecode.swift; path = AppDelegate.swift; sourceTree = "<group>"; };
		8B4453881C6EAFBC00B8A584 /* Base */ = {isa = PBXFileReference; lastKnownFileType = file.storyboard; name = Base; path = Base.lproj/Main.storyboard; sourceTree = "<group>"; };
		8B44538A1C6EAFBC00B8A584 /* Assets.xcassets */ = {isa = PBXFileReference; lastKnownFileType = folder.assetcatalog; path = Assets.xcassets; sourceTree = "<group>"; };
		8B44538D1C6EAFBC00B8A584 /* Base */ = {isa = PBXFileReference; lastKnownFileType = file.storyboard; name = Base; path = Base.lproj/LaunchScreen.storyboard; sourceTree = "<group>"; };
		8B44538F1C6EAFBC00B8A584 /* Info.plist */ = {isa = PBXFileReference; lastKnownFileType = text.plist.xml; path = Info.plist; sourceTree = "<group>"; };
		8B7355C21C6ED4AA009CDAF7 /* Contact.swift */ = {isa = PBXFileReference; fileEncoding = 4; lastKnownFileType = sourcecode.swift; name = Contact.swift; path = solsticeContacts/Contact.swift; sourceTree = "<group>"; };
		8B7355C41C6ED935009CDAF7 /* HomeTableViewController.swift */ = {isa = PBXFileReference; fileEncoding = 4; lastKnownFileType = sourcecode.swift; path = HomeTableViewController.swift; sourceTree = "<group>"; };
		8B7355C61C6EDCDB009CDAF7 /* MainTableViewCell.swift */ = {isa = PBXFileReference; fileEncoding = 4; lastKnownFileType = sourcecode.swift; path = MainTableViewCell.swift; sourceTree = "<group>"; };
		8B7355C71C6EDCDB009CDAF7 /* MainTableViewCell.xib */ = {isa = PBXFileReference; fileEncoding = 4; lastKnownFileType = file.xib; path = MainTableViewCell.xib; sourceTree = "<group>"; };
		8B7355CA1C6F0F5D009CDAF7 /* DetailTableViewController.swift */ = {isa = PBXFileReference; fileEncoding = 4; lastKnownFileType = sourcecode.swift; path = DetailTableViewController.swift; sourceTree = "<group>"; };
/* End PBXFileReference section */

/* Begin PBXFrameworksBuildPhase section */
		8B44537D1C6EAFBC00B8A584 /* Frameworks */ = {
			isa = PBXFrameworksBuildPhase;
			buildActionMask = 2147483647;
			files = (
			);
			runOnlyForDeploymentPostprocessing = 0;
		};
/* End PBXFrameworksBuildPhase section */

/* Begin PBXGroup section */
		8B4453771C6EAFBC00B8A584 = {
			isa = PBXGroup;
			children = (
				8B7355C21C6ED4AA009CDAF7 /* Contact.swift */,
				8B4453821C6EAFBC00B8A584 /* solsticeContacts */,
				8B4453811C6EAFBC00B8A584 /* Products */,
			);
			sourceTree = "<group>";
		};
		8B4453811C6EAFBC00B8A584 /* Products */ = {
			isa = PBXGroup;
			children = (
				8B4453801C6EAFBC00B8A584 /* solsticeContacts.app */,
			);
			name = Products;
			sourceTree = "<group>";
		};
		8B4453821C6EAFBC00B8A584 /* solsticeContacts */ = {
			isa = PBXGroup;
			children = (
				8B4453831C6EAFBC00B8A584 /* AppDelegate.swift */,
				8B4453871C6EAFBC00B8A584 /* Main.storyboard */,
				8B7355C61C6EDCDB009CDAF7 /* MainTableViewCell.swift */,
				8B7355C71C6EDCDB009CDAF7 /* MainTableViewCell.xib */,
				8B7355CA1C6F0F5D009CDAF7 /* DetailTableViewController.swift */,
				8B7355C41C6ED935009CDAF7 /* HomeTableViewController.swift */,
				8B44538A1C6EAFBC00B8A584 /* Assets.xcassets */,
				8B44538C1C6EAFBC00B8A584 /* LaunchScreen.storyboard */,
				8B44538F1C6EAFBC00B8A584 /* Info.plist */,
			);
			path = solsticeContacts;
			sourceTree = "<group>";
		};
/* End PBXGroup section */

/* Begin PBXNativeTarget section */
		8B44537F1C6EAFBC00B8A584 /* solsticeContacts */ = {
			isa = PBXNativeTarget;
			buildConfigurationList = 8B4453921C6EAFBC00B8A584 /* Build configuration list for PBXNativeTarget "solsticeContacts" */;
			buildPhases = (
				8B44537C1C6EAFBC00B8A584 /* Sources */,
				8B44537D1C6EAFBC00B8A584 /* Frameworks */,
				8B44537E1C6EAFBC00B8A584 /* Resources */,
			);
			buildRules = (
			);
			dependencies = (
			);
			name = solsticeContacts;
			productName = solsticeContacts;
			productReference = 8B4453801C6EAFBC00B8A584 /* solsticeContacts.app */;
			productType = "com.apple.product-type.application";
		};
/* End PBXNativeTarget section */

/* Begin PBXProject section */
		8B4453781C6EAFBC00B8A584 /* Project object */ = {
			isa = PBXProject;
			attributes = {
				LastSwiftUpdateCheck = 0720;
				LastUpgradeCheck = 0720;
				ORGANIZATIONNAME = "Patrick Wilson";
				TargetAttributes = {
					8B44537F1C6EAFBC00B8A584 = {
						CreatedOnToolsVersion = 7.2.1;
						DevelopmentTeam = 4UPP947FXM;
					};
				};
			};
			buildConfigurationList = 8B44537B1C6EAFBC00B8A584 /* Build configuration list for PBXProject "solsticeContacts" */;
			compatibilityVersion = "Xcode 3.2";
			developmentRegion = English;
			hasScannedForEncodings = 0;
			knownRegions = (
				en,
				Base,
			);
			mainGroup = 8B4453771C6EAFBC00B8A584;
			productRefGroup = 8B4453811C6EAFBC00B8A584 /* Products */;
			projectDirPath = "";
			projectRoot = "";
			targets = (
				8B44537F1C6EAFBC00B8A584 /* solsticeContacts */,
			);
		};
/* End PBXProject section */

/* Begin PBXResourcesBuildPhase section */
		8B44537E1C6EAFBC00B8A584 /* Resources */ = {
			isa = PBXResourcesBuildPhase;
			buildActionMask = 2147483647;
			files = (
				8B44538E1C6EAFBC00B8A584 /* LaunchScreen.storyboard in Resources */,
				8B44538B1C6EAFBC00B8A584 /* Assets.xcassets in Resources */,
				8B7355C91C6EDCDB009CDAF7 /* MainTableViewCell.xib in Resources */,
				8B4453891C6EAFBC00B8A584 /* Main.storyboard in Resources */,
			);
			runOnlyForDeploymentPostprocessing = 0;
		};
/* End PBXResourcesBuildPhase section */

/* Begin PBXSourcesBuildPhase section */
		8B44537C1C6EAFBC00B8A584 /* Sources */ = {
			isa = PBXSourcesBuildPhase;
			buildActionMask = 2147483647;
			files = (
				8B7355C51C6ED935009CDAF7 /* HomeTableViewController.swift in Sources */,
				8B7355CB1C6F0F5D009CDAF7 /* DetailTableViewController.swift in Sources */,
				8B7355C31C6ED4AA009CDAF7 /* Contact.swift in Sources */,
				8B7355C81C6EDCDB009CDAF7 /* MainTableViewCell.swift in Sources */,
				8B4453841C6EAFBC00B8A584 /* AppDelegate.swift in Sources */,
			);
			runOnlyForDeploymentPostprocessing = 0;
		};
/* End PBXSourcesBuildPhase section */

/* Begin PBXVariantGroup section */
		8B4453871C6EAFBC00B8A584 /* Main.storyboard */ = {
			isa = PBXVariantGroup;
			children = (
				8B4453881C6EAFBC00B8A584 /* Base */,
			);
			name = Main.storyboard;
			sourceTree = "<group>";
		};
		8B44538C1C6EAFBC00B8A584 /* LaunchScreen.storyboard */ = {
			isa = PBXVariantGroup;
			children = (
				8B44538D1C6EAFBC00B8A584 /* Base */,
			);
			name = LaunchScreen.storyboard;
			sourceTree = "<group>";
		};
/* End PBXVariantGroup section */

/* Begin XCBuildConfiguration section */
		8B4453901C6EAFBC00B8A584 /* Debug */ = {
			isa = XCBuildConfiguration;
			buildSettings = {
				ALWAYS_SEARCH_USER_PATHS = NO;
				CLANG_CXX_LANGUAGE_STANDARD = "gnu++0x";
				CLANG_CXX_LIBRARY = "libc++";
				CLANG_ENABLE_MODULES = YES;
				CLANG_ENABLE_OBJC_ARC = YES;
				CLANG_WARN_BOOL_CONVERSION = YES;
				CLANG_WARN_CONSTANT_CONVERSION = YES;
				CLANG_WARN_DIRECT_OBJC_ISA_USAGE = YES_ERROR;
				CLANG_WARN_EMPTY_BODY = YES;
				CLANG_WARN_ENUM_CONVERSION = YES;
				CLANG_WARN_INT_CONVERSION = YES;
				CLANG_WARN_OBJC_ROOT_CLASS = YES_ERROR;
				CLANG_WARN_UNREACHABLE_CODE = YES;
				CLANG_WARN__DUPLICATE_METHOD_MATCH = YES;
				"CODE_SIGN_IDENTITY[sdk=iphoneos*]" = "iPhone Developer";
				COPY_PHASE_STRIP = NO;
				DEBUG_INFORMATION_FORMAT = dwarf;
				ENABLE_STRICT_OBJC_MSGSEND = YES;
				ENABLE_TESTABILITY = YES;
				GCC_C_LANGUAGE_STANDARD = gnu99;
				GCC_DYNAMIC_NO_PIC = NO;
				GCC_NO_COMMON_BLOCKS = YES;
				GCC_OPTIMIZATION_LEVEL = 0;
				GCC_PREPROCESSOR_DEFINITIONS = (
					"DEBUG=1",
					"$(inherited)",
				);
				GCC_WARN_64_TO_32_BIT_CONVERSION = YES;
				GCC_WARN_ABOUT_RETURN_TYPE = YES_ERROR;
				GCC_WARN_UNDECLARED_SELECTOR = YES;
				GCC_WARN_UNINITIALIZED_AUTOS = YES_AGGRESSIVE;
				GCC_WARN_UNUSED_FUNCTION = YES;
				GCC_WARN_UNUSED_VARIABLE = YES;
				IPHONEOS_DEPLOYMENT_TARGET = 9.2;
				MTL_ENABLE_DEBUG_INFO = YES;
				ONLY_ACTIVE_ARCH = YES;
				SDKROOT = iphoneos;
				SWIFT_OPTIMIZATION_LEVEL = "-Onone";
			};
			name = Debug;
		};
		8B4453911C6EAFBC00B8A584 /* Release */ = {
			isa = XCBuildConfiguration;
			buildSettings = {
				ALWAYS_SEARCH_USER_PATHS = NO;
				CLANG_CXX_LANGUAGE_STANDARD = "gnu++0x";
				CLANG_CXX_LIBRARY = "libc++";
				CLANG_ENABLE_MODULES = YES;
				CLANG_ENABLE_OBJC_ARC = YES;
				CLANG_WARN_BOOL_CONVERSION = YES;
				CLANG_WARN_CONSTANT_CONVERSION = YES;
				CLANG_WARN_DIRECT_OBJC_ISA_USAGE = YES_ERROR;
				CLANG_WARN_EMPTY_BODY = YES;
				CLANG_WARN_ENUM_CONVERSION = YES;
				CLANG_WARN_INT_CONVERSION = YES;
				CLANG_WARN_OBJC_ROOT_CLASS = YES_ERROR;
				CLANG_WARN_UNREACHABLE_CODE = YES;
				CLANG_WARN__DUPLICATE_METHOD_MATCH = YES;
				"CODE_SIGN_IDENTITY[sdk=iphoneos*]" = "iPhone Developer";
				COPY_PHASE_STRIP = NO;
				DEBUG_INFORMATION_FORMAT = "dwarf-with-dsym";
				ENABLE_NS_ASSERTIONS = NO;
				ENABLE_STRICT_OBJC_MSGSEND = YES;
				GCC_C_LANGUAGE_STANDARD = gnu99;
				GCC_NO_COMMON_BLOCKS = YES;
				GCC_WARN_64_TO_32_BIT_CONVERSION = YES;
				GCC_WARN_ABOUT_RETURN_TYPE = YES_ERROR;
				GCC_WARN_UNDECLARED_SELECTOR = YES;
				GCC_WARN_UNINITIALIZED_AUTOS = YES_AGGRESSIVE;
				GCC_WARN_UNUSED_FUNCTION = YES;
				GCC_WARN_UNUSED_VARIABLE = YES;
				IPHONEOS_DEPLOYMENT_TARGET = 9.2;
				MTL_ENABLE_DEBUG_INFO = NO;
				SDKROOT = iphoneos;
				VALIDATE_PRODUCT = YES;
			};
			name = Release;
		};
		8B4453931C6EAFBC00B8A584 /* Debug */ = {
			isa = XCBuildConfiguration;
			buildSettings = {
				ASSETCATALOG_COMPILER_APPICON_NAME = AppIcon;
				CODE_SIGN_IDENTITY = "iPhone Developer";
				INFOPLIST_FILE = solsticeContacts/Info.plist;
				LD_RUNPATH_SEARCH_PATHS = "$(inherited) @executable_path/Frameworks";
				PRODUCT_BUNDLE_IDENTIFIER = pdubslax.solsticeContacts;
				PRODUCT_NAME = "$(TARGET_NAME)";
			};
			name = Debug;
		};
		8B4453941C6EAFBC00B8A584 /* Release */ = {
			isa = XCBuildConfiguration;
			buildSettings = {
				ASSETCATALOG_COMPILER_APPICON_NAME = AppIcon;
				CODE_SIGN_IDENTITY = "iPhone Developer";
				INFOPLIST_FILE = solsticeContacts/Info.plist;
				LD_RUNPATH_SEARCH_PATHS = "$(inherited) @executable_path/Frameworks";
				PRODUCT_BUNDLE_IDENTIFIER = pdubslax.solsticeContacts;
				PRODUCT_NAME = "$(TARGET_NAME)";
			};
			name = Release;
		};
/* End XCBuildConfiguration section */

/* Begin XCConfigurationList section */
		8B44537B1C6EAFBC00B8A584 /* Build configuration list for PBXProject "solsticeContacts" */ = {
			isa = XCConfigurationList;
			buildConfigurations = (
				8B4453901C6EAFBC00B8A584 /* Debug */,
				8B4453911C6EAFBC00B8A584 /* Release */,
			);
			defaultConfigurationIsVisible = 0;
			defaultConfigurationName = Release;
		};
		8B4453921C6EAFBC00B8A584 /* Build configuration list for PBXNativeTarget "solsticeContacts" */ = {
			isa = XCConfigurationList;
			buildConfigurations = (
				8B4453931C6EAFBC00B8A584 /* Debug */,
				8B4453941C6EAFBC00B8A584 /* Release */,
			);
			defaultConfigurationIsVisible = 0;
			defaultConfigurationName = Release;
		};
/* End XCConfigurationList section */
	};
	rootObject = 8B4453781C6EAFBC00B8A584 /* Project object */;
}
